
Microsoft Visual Studio Solution File, Format Version 12.00
# Visual Studio Version 17
VisualStudioVersion = 17.10.35013.160
MinimumVisualStudioVersion = 10.0.40219.1
Project("{FAE04EC0-301F-11D3-BF4B-00C04F79EFBC}") = "Strings", "Strings\Strings.csproj", "{D46F2F80-A242-4425-928A-2B660670DEDD}"
EndProject
Global
	GlobalSection(SolutionConfigurationPlatforms) = preSolution
		Debug|Any CPU = Debug|Any CPU
		Release|Any CPU = Release|Any CPU
	EndGlobalSection
	GlobalSection(ProjectConfigurationPlatforms) = postSolution
		{D46F2F80-A242-4425-928A-2B660670DEDD}.Debug|Any CPU.ActiveCfg = Debug|Any CPU
		{D46F2F80-A242-4425-928A-2B660670DEDD}.Debug|Any CPU.Build.0 = Debug|Any CPU
		{D46F2F80-A242-4425-928A-2B660670DEDD}.Release|Any CPU.ActiveCfg = Release|Any CPU
		{D46F2F80-A242-4425-928A-2B660670DEDD}.Release|Any CPU.Build.0 = Release|Any CPU
	EndGlobalSection
	GlobalSection(SolutionProperties) = preSolution
		HideSolutionNode = FALSE
	EndGlobalSection
	GlobalSection(ExtensibilityGlobals) = postSolution
		SolutionGuid = {9D7B9445-939F-45EE-8F46-5615A43D1AB1}
	EndGlobalSection
EndGlobal
