
Microsoft Visual Studio Solution File, Format Version 12.00
# Visual Studio Version 17
VisualStudioVersion = 17.10.35013.160
MinimumVisualStudioVersion = 10.0.40219.1
Project("{FAE04EC0-301F-11D3-BF4B-00C04F79EFBC}") = "ContactApp", "ContactApp\ContactApp.csproj", "{2C59C85A-4BB9-4EE2-BD45-B1E9B213880A}"
EndProject
Global
	GlobalSection(SolutionConfigurationPlatforms) = preSolution
		Debug|Any CPU = Debug|Any CPU
		Release|Any CPU = Release|Any CPU
	EndGlobalSection
	GlobalSection(ProjectConfigurationPlatforms) = postSolution
		{2C59C85A-4BB9-4EE2-BD45-B1E9B213880A}.Debug|Any CPU.ActiveCfg = Debug|Any CPU
		{2C59C85A-4BB9-4EE2-BD45-B1E9B213880A}.Debug|Any CPU.Build.0 = Debug|Any CPU
		{2C59C85A-4BB9-4EE2-BD45-B1E9B213880A}.Release|Any CPU.ActiveCfg = Release|Any CPU
		{2C59C85A-4BB9-4EE2-BD45-B1E9B213880A}.Release|Any CPU.Build.0 = Release|Any CPU
	EndGlobalSection
	GlobalSection(SolutionProperties) = preSolution
		HideSolutionNode = FALSE
	EndGlobalSection
	GlobalSection(ExtensibilityGlobals) = postSolution
		SolutionGuid = {879101FF-B6FD-4176-A0AC-60E3F130B178}
	EndGlobalSection
EndGlobal
