
Microsoft Visual Studio Solution File, Format Version 12.00
# Visual Studio Version 17
VisualStudioVersion = 17.10.35013.160
MinimumVisualStudioVersion = 10.0.40219.1
Project("{FAE04EC0-301F-11D3-BF4B-00C04F79EFBC}") = "stringswap", "stringswap\stringswap.csproj", "{0BD9553C-37FF-4EE6-8090-E25799F2C46C}"
EndProject
Global
	GlobalSection(SolutionConfigurationPlatforms) = preSolution
		Debug|Any CPU = Debug|Any CPU
		Release|Any CPU = Release|Any CPU
	EndGlobalSection
	GlobalSection(ProjectConfigurationPlatforms) = postSolution
		{0BD9553C-37FF-4EE6-8090-E25799F2C46C}.Debug|Any CPU.ActiveCfg = Debug|Any CPU
		{0BD9553C-37FF-4EE6-8090-E25799F2C46C}.Debug|Any CPU.Build.0 = Debug|Any CPU
		{0BD9553C-37FF-4EE6-8090-E25799F2C46C}.Release|Any CPU.ActiveCfg = Release|Any CPU
		{0BD9553C-37FF-4EE6-8090-E25799F2C46C}.Release|Any CPU.Build.0 = Release|Any CPU
	EndGlobalSection
	GlobalSection(SolutionProperties) = preSolution
		HideSolutionNode = FALSE
	EndGlobalSection
	GlobalSection(ExtensibilityGlobals) = postSolution
		SolutionGuid = {274D7B16-7F2C-48EC-9998-B485DE4B679B}
	EndGlobalSection
EndGlobal
